
Microsoft Visual Studio Solution File, Format Version 12.00
# Visual Studio Version 16
VisualStudioVersion = 16.0.30225.117
MinimumVisualStudioVersion = 10.0.40219.1
Project("{FAE04EC0-301F-11D3-BF4B-00C04F79EFBC}") = "NumberSortingApplication", "NumberSrtingApplication\NumberSortingApplication.csproj", "{723D12E7-09A7-4F96-A571-7911A75E1CF0}"
EndProject
Project("{FAE04EC0-301F-11D3-BF4B-00C04F79EFBC}") = "NumberSortUnitTest", "NumberSortUnitTest\NumberSortUnitTest.csproj", "{206FEA84-F4DF-46E0-A936-0CF35D7E65DC}"
EndProject
Global
	GlobalSection(SolutionConfigurationPlatforms) = preSolution
		Debug|Any CPU = Debug|Any CPU
		Release|Any CPU = Release|Any CPU
	EndGlobalSection
	GlobalSection(ProjectConfigurationPlatforms) = postSolution
		{723D12E7-09A7-4F96-A571-7911A75E1CF0}.Debug|Any CPU.ActiveCfg = Debug|Any CPU
		{723D12E7-09A7-4F96-A571-7911A75E1CF0}.Debug|Any CPU.Build.0 = Debug|Any CPU
		{723D12E7-09A7-4F96-A571-7911A75E1CF0}.Release|Any CPU.ActiveCfg = Release|Any CPU
		{723D12E7-09A7-4F96-A571-7911A75E1CF0}.Release|Any CPU.Build.0 = Release|Any CPU
		{206FEA84-F4DF-46E0-A936-0CF35D7E65DC}.Debug|Any CPU.ActiveCfg = Debug|Any CPU
		{206FEA84-F4DF-46E0-A936-0CF35D7E65DC}.Debug|Any CPU.Build.0 = Debug|Any CPU
		{206FEA84-F4DF-46E0-A936-0CF35D7E65DC}.Release|Any CPU.ActiveCfg = Release|Any CPU
		{206FEA84-F4DF-46E0-A936-0CF35D7E65DC}.Release|Any CPU.Build.0 = Release|Any CPU
	EndGlobalSection
	GlobalSection(SolutionProperties) = preSolution
		HideSolutionNode = FALSE
	EndGlobalSection
	GlobalSection(ExtensibilityGlobals) = postSolution
		SolutionGuid = {6A28767B-7C3E-4225-B36C-0ADFAEB843D2}
	EndGlobalSection
EndGlobal
